{
  "nodes": {
    "nixpkgs": {
      "locked": {
        "lastModified": 1771848320,
        "narHash": "sha256-0MAd+0mun3K/Ns8JATeHT1sX28faLII5hVLq0L3BdZU=",
        "owner": "NixOS",
        "repo": "nixpkgs",
        "rev": "2fc6539b481e1d2569f25f8799236694180c0993",
        "type": "github"
      },
      "original": {
        "owner": "NixOS",
        "ref": "nixos-unstable",
        "repo": "nixpkgs",
        "type": "github"
      }
    },
    "root": {
      "inputs": {
        "nixpkgs": "nixpkgs",
        "toolbox": "toolbox"
      }
    },
    "toolbox": {
      "inputs": {
        "nixpkgs": [
          "nixpkgs"
        ]
      },
      "locked": {
        "lastModified": 1771692865,
        "narHash": "sha256-68f7tGXih2WZd5k2qxDfVGVgezEgvjKi8X6b909zQ80=",
        "owner": "firefly-engineering",
        "repo": "toolbox",
        "rev": "1385986ab9025d1ebbcc27c04be40e0b21dfc9f6",
        "type": "github"
      },
      "original": {
        "owner": "firefly-engineering",
        "repo": "toolbox",
        "type": "github"
      }
    }
  },
  "root": "root",
  "version": 7
}
