{
  "nodes": {
    "nixpkgs": {
      "locked": {
        "lastModified": 1771848320,
        "narHash": "sha256-0MAd+0mun3K/Ns8JATeHT1sX28faLII5hVLq0L3BdZU=",
        "owner": "NixOS",
        "repo": "nixpkgs",
        "rev": "2fc6539b481e1d2569f25f8799236694180c0993",
        "type": "github"
      },
      "original": {
        "owner": "NixOS",
        "ref": "nixos-unstable",
        "repo": "nixpkgs",
        "type": "github"
      }
    },
    "root": {
      "inputs": {
        "nixpkgs": "nixpkgs",
        "toolbox": "toolbox"
      }
    },
    "toolbox": {
      "inputs": {
        "nixpkgs": [
          "nixpkgs"
        ]
      },
      "locked": {
        "lastModified": 1773077576,
        "narHash": "sha256-2QS4a5C6CPRAPdnUNy8/Qo3QkbN+kS/8uhG4FKuGgT4=",
        "owner": "firefly-engineering",
        "repo": "toolbox",
        "rev": "ef48b333758e6938da9ce59f9bff3369b99b98df",
        "type": "github"
      },
      "original": {
        "owner": "firefly-engineering",
        "repo": "toolbox",
        "type": "github"
      }
    }
  },
  "root": "root",
  "version": 7
}
